
Microsoft Visual Studio Solution File, Format Version 12.00
# Visual Studio Version 17
VisualStudioVersion = 17.2.32602.215
MinimumVisualStudioVersion = 10.0.40219.1
Project("{FAE04EC0-301F-11D3-BF4B-00C04F79EFBC}") = "assignment 3", "assignment 3.csproj", "{AB9239E5-2A8D-4CB5-B728-B182B9B65D4C}"
EndProject
Global
	GlobalSection(SolutionConfigurationPlatforms) = preSolution
		Debug|Any CPU = Debug|Any CPU
		Release|Any CPU = Release|Any CPU
	EndGlobalSection
	GlobalSection(ProjectConfigurationPlatforms) = postSolution
		{AB9239E5-2A8D-4CB5-B728-B182B9B65D4C}.Debug|Any CPU.ActiveCfg = Debug|Any CPU
		{AB9239E5-2A8D-4CB5-B728-B182B9B65D4C}.Debug|Any CPU.Build.0 = Debug|Any CPU
		{AB9239E5-2A8D-4CB5-B728-B182B9B65D4C}.Release|Any CPU.ActiveCfg = Release|Any CPU
		{AB9239E5-2A8D-4CB5-B728-B182B9B65D4C}.Release|Any CPU.Build.0 = Release|Any CPU
	EndGlobalSection
	GlobalSection(SolutionProperties) = preSolution
		HideSolutionNode = FALSE
	EndGlobalSection
	GlobalSection(ExtensibilityGlobals) = postSolution
		SolutionGuid = {E91B3FD1-2748-4E14-AD78-0019C99ACA73}
	EndGlobalSection
EndGlobal
